// !$*UTF8*$!
{
	archiveVersion = 1;
	classes = {
	};
	objectVersion = 50;
	objects = {

/* Begin PBXBuildFile section */
		D720202C2423AF4D00B9393B /* UIControl+closure.swift in Sources */ = {isa = PBXBuildFile; fileRef = D720202B2423AF4D00B9393B /* UIControl+closure.swift */; };
		D720202E2423B83D00B9393B /* Home.swift in Sources */ = {isa = PBXBuildFile; fileRef = D720202D2423B83D00B9393B /* Home.swift */; };
		D72020302423C45C00B9393B /* SettingViewController.swift in Sources */ = {isa = PBXBuildFile; fileRef = D720202F2423C45C00B9393B /* SettingViewController.swift */; };
		D74E1A892422310F00479DE3 /* AppDelegate.swift in Sources */ = {isa = PBXBuildFile; fileRef = D74E1A882422310F00479DE3 /* AppDelegate.swift */; };
		D74E1A8B2422310F00479DE3 /* SceneDelegate.swift in Sources */ = {isa = PBXBuildFile; fileRef = D74E1A8A2422310F00479DE3 /* SceneDelegate.swift */; };
		D74E1A8D2422310F00479DE3 /* OnboardingViewController.swift in Sources */ = {isa = PBXBuildFile; fileRef = D74E1A8C2422310F00479DE3 /* OnboardingViewController.swift */; };
		D74E1A902422310F00479DE3 /* Main.storyboard in Resources */ = {isa = PBXBuildFile; fileRef = D74E1A8E2422310F00479DE3 /* Main.storyboard */; };
		D74E1A922422311200479DE3 /* Assets.xcassets in Resources */ = {isa = PBXBuildFile; fileRef = D74E1A912422311200479DE3 /* Assets.xcassets */; };
		D74E1A952422311200479DE3 /* LaunchScreen.storyboard in Resources */ = {isa = PBXBuildFile; fileRef = D74E1A932422311200479DE3 /* LaunchScreen.storyboard */; };
		D74E1A9D2422388500479DE3 /* AttestationViewController.swift in Sources */ = {isa = PBXBuildFile; fileRef = D74E1A9C2422388500479DE3 /* AttestationViewController.swift */; };
		D74E1A9F242248E700479DE3 /* NewProfileViewController.swift in Sources */ = {isa = PBXBuildFile; fileRef = D74E1A9E242248E700479DE3 /* NewProfileViewController.swift */; };
		D74E1AA22422497200479DE3 /* Profile.swift in Sources */ = {isa = PBXBuildFile; fileRef = D74E1AA12422497200479DE3 /* Profile.swift */; };
		D74E1AA62422548600479DE3 /* Storage.swift in Sources */ = {isa = PBXBuildFile; fileRef = D74E1AA52422548600479DE3 /* Storage.swift */; };
		D74E1AA924225A4300479DE3 /* UITextfield+InputView.swift in Sources */ = {isa = PBXBuildFile; fileRef = D74E1AA824225A4300479DE3 /* UITextfield+InputView.swift */; };
		D74E1AAB242266AD00479DE3 /* attestation.pdf in Resources */ = {isa = PBXBuildFile; fileRef = D74E1AAA242266AD00479DE3 /* attestation.pdf */; };
		D74E1AAD24226A6A00479DE3 /* raisons.plist in Resources */ = {isa = PBXBuildFile; fileRef = D74E1AAC24226A6A00479DE3 /* raisons.plist */; };
		D75CEB742422834B00B12FC1 /* UIView.swift in Sources */ = {isa = PBXBuildFile; fileRef = D75CEB732422834B00B12FC1 /* UIView.swift */; };
		D75CEB76242295BC00B12FC1 /* SignatureView.swift in Sources */ = {isa = PBXBuildFile; fileRef = D75CEB75242295BC00B12FC1 /* SignatureView.swift */; };
		D75CEB782422D18200B12FC1 /* PdfViewController.swift in Sources */ = {isa = PBXBuildFile; fileRef = D75CEB772422D18200B12FC1 /* PdfViewController.swift */; };
		D75CEB7F2422E3CA00B12FC1 /* SignatureAnnotation.swift in Sources */ = {isa = PBXBuildFile; fileRef = D75CEB7E2422E3CA00B12FC1 /* SignatureAnnotation.swift */; };
		D75CEB822423799A00B12FC1 /* TextAnnotation.swift in Sources */ = {isa = PBXBuildFile; fileRef = D75CEB812423799A00B12FC1 /* TextAnnotation.swift */; };
		D75CEB842423962A00B12FC1 /* ChoiceAnnotation.swift in Sources */ = {isa = PBXBuildFile; fileRef = D75CEB832423962A00B12FC1 /* ChoiceAnnotation.swift */; };
/* End PBXBuildFile section */

/* Begin PBXFileReference section */
		D720202B2423AF4D00B9393B /* UIControl+closure.swift */ = {isa = PBXFileReference; lastKnownFileType = sourcecode.swift; path = "UIControl+closure.swift"; sourceTree = "<group>"; };
		D720202D2423B83D00B9393B /* Home.swift */ = {isa = PBXFileReference; lastKnownFileType = sourcecode.swift; path = Home.swift; sourceTree = "<group>"; };
		D720202F2423C45C00B9393B /* SettingViewController.swift */ = {isa = PBXFileReference; lastKnownFileType = sourcecode.swift; path = SettingViewController.swift; sourceTree = "<group>"; };
		D74E1A852422310F00479DE3 /* Attest.app */ = {isa = PBXFileReference; explicitFileType = wrapper.application; includeInIndex = 0; path = Attest.app; sourceTree = BUILT_PRODUCTS_DIR; };
		D74E1A882422310F00479DE3 /* AppDelegate.swift */ = {isa = PBXFileReference; lastKnownFileType = sourcecode.swift; path = AppDelegate.swift; sourceTree = "<group>"; };
		D74E1A8A2422310F00479DE3 /* SceneDelegate.swift */ = {isa = PBXFileReference; lastKnownFileType = sourcecode.swift; path = SceneDelegate.swift; sourceTree = "<group>"; };
		D74E1A8C2422310F00479DE3 /* OnboardingViewController.swift */ = {isa = PBXFileReference; lastKnownFileType = sourcecode.swift; path = OnboardingViewController.swift; sourceTree = "<group>"; };
		D74E1A8F2422310F00479DE3 /* Base */ = {isa = PBXFileReference; lastKnownFileType = file.storyboard; name = Base; path = Base.lproj/Main.storyboard; sourceTree = "<group>"; };
		D74E1A912422311200479DE3 /* Assets.xcassets */ = {isa = PBXFileReference; lastKnownFileType = folder.assetcatalog; path = Assets.xcassets; sourceTree = "<group>"; };
		D74E1A942422311200479DE3 /* Base */ = {isa = PBXFileReference; lastKnownFileType = file.storyboard; name = Base; path = Base.lproj/LaunchScreen.storyboard; sourceTree = "<group>"; };
		D74E1A962422311200479DE3 /* Info.plist */ = {isa = PBXFileReference; lastKnownFileType = text.plist.xml; path = Info.plist; sourceTree = "<group>"; };
		D74E1A9C2422388500479DE3 /* AttestationViewController.swift */ = {isa = PBXFileReference; lastKnownFileType = sourcecode.swift; path = AttestationViewController.swift; sourceTree = "<group>"; };
		D74E1A9E242248E700479DE3 /* NewProfileViewController.swift */ = {isa = PBXFileReference; lastKnownFileType = sourcecode.swift; path = NewProfileViewController.swift; sourceTree = "<group>"; };
		D74E1AA12422497200479DE3 /* Profile.swift */ = {isa = PBXFileReference; lastKnownFileType = sourcecode.swift; path = Profile.swift; sourceTree = "<group>"; };
		D74E1AA52422548600479DE3 /* Storage.swift */ = {isa = PBXFileReference; lastKnownFileType = sourcecode.swift; path = Storage.swift; sourceTree = "<group>"; };
		D74E1AA824225A4300479DE3 /* UITextfield+InputView.swift */ = {isa = PBXFileReference; lastKnownFileType = sourcecode.swift; path = "UITextfield+InputView.swift"; sourceTree = "<group>"; };
		D74E1AAA242266AD00479DE3 /* attestation.pdf */ = {isa = PBXFileReference; lastKnownFileType = image.pdf; name = attestation.pdf; path = ../../../../../../Downloads/attestation.pdf; sourceTree = "<group>"; };
		D74E1AAC24226A6A00479DE3 /* raisons.plist */ = {isa = PBXFileReference; lastKnownFileType = text.plist.xml; path = raisons.plist; sourceTree = "<group>"; };
		D75CEB732422834B00B12FC1 /* UIView.swift */ = {isa = PBXFileReference; lastKnownFileType = sourcecode.swift; path = UIView.swift; sourceTree = "<group>"; };
		D75CEB75242295BC00B12FC1 /* SignatureView.swift */ = {isa = PBXFileReference; lastKnownFileType = sourcecode.swift; path = SignatureView.swift; sourceTree = "<group>"; };
		D75CEB772422D18200B12FC1 /* PdfViewController.swift */ = {isa = PBXFileReference; lastKnownFileType = sourcecode.swift; path = PdfViewController.swift; sourceTree = "<group>"; };
		D75CEB7E2422E3CA00B12FC1 /* SignatureAnnotation.swift */ = {isa = PBXFileReference; lastKnownFileType = sourcecode.swift; path = SignatureAnnotation.swift; sourceTree = "<group>"; };
		D75CEB812423799A00B12FC1 /* TextAnnotation.swift */ = {isa = PBXFileReference; lastKnownFileType = sourcecode.swift; path = TextAnnotation.swift; sourceTree = "<group>"; };
		D75CEB832423962A00B12FC1 /* ChoiceAnnotation.swift */ = {isa = PBXFileReference; lastKnownFileType = sourcecode.swift; path = ChoiceAnnotation.swift; sourceTree = "<group>"; };
/* End PBXFileReference section */

/* Begin PBXFrameworksBuildPhase section */
		D74E1A822422310F00479DE3 /* Frameworks */ = {
			isa = PBXFrameworksBuildPhase;
			buildActionMask = 2147483647;
			files = (
			);
			runOnlyForDeploymentPostprocessing = 0;
		};
/* End PBXFrameworksBuildPhase section */

/* Begin PBXGroup section */
		D74E1A7C2422310F00479DE3 = {
			isa = PBXGroup;
			children = (
				D74E1A872422310F00479DE3 /* Attest */,
				D74E1A862422310F00479DE3 /* Products */,
			);
			sourceTree = "<group>";
		};
		D74E1A862422310F00479DE3 /* Products */ = {
			isa = PBXGroup;
			children = (
				D74E1A852422310F00479DE3 /* Attest.app */,
			);
			name = Products;
			sourceTree = "<group>";
		};
		D74E1A872422310F00479DE3 /* Attest */ = {
			isa = PBXGroup;
			children = (
				D77AA36A2424F82100326807 /* View */,
				D77AA3692424F80700326807 /* Controller */,
				D75CEB802423798300B12FC1 /* PdfAnnotation */,
				D74E1AA72422580300479DE3 /* Extension */,
				D74E1AA32422498B00479DE3 /* Template */,
				D74E1AA02422496600479DE3 /* model */,
				D74E1A882422310F00479DE3 /* AppDelegate.swift */,
				D74E1A8A2422310F00479DE3 /* SceneDelegate.swift */,
				D74E1AA52422548600479DE3 /* Storage.swift */,
				D74E1A8E2422310F00479DE3 /* Main.storyboard */,
				D74E1A912422311200479DE3 /* Assets.xcassets */,
				D74E1A932422311200479DE3 /* LaunchScreen.storyboard */,
				D74E1A962422311200479DE3 /* Info.plist */,
			);
			path = Attest;
			sourceTree = "<group>";
		};
		D74E1AA02422496600479DE3 /* model */ = {
			isa = PBXGroup;
			children = (
				D74E1AA12422497200479DE3 /* Profile.swift */,
			);
			path = model;
			sourceTree = "<group>";
		};
		D74E1AA32422498B00479DE3 /* Template */ = {
			isa = PBXGroup;
			children = (
				D74E1AAC24226A6A00479DE3 /* raisons.plist */,
				D74E1AA42422499200479DE3 /* Fr */,
			);
			path = Template;
			sourceTree = "<group>";
		};
		D74E1AA42422499200479DE3 /* Fr */ = {
			isa = PBXGroup;
			children = (
				D74E1AAA242266AD00479DE3 /* attestation.pdf */,
			);
			path = Fr;
			sourceTree = "<group>";
		};
		D74E1AA72422580300479DE3 /* Extension */ = {
			isa = PBXGroup;
			children = (
				D74E1AA824225A4300479DE3 /* UITextfield+InputView.swift */,
				D75CEB732422834B00B12FC1 /* UIView.swift */,
				D720202B2423AF4D00B9393B /* UIControl+closure.swift */,
				D720202D2423B83D00B9393B /* Home.swift */,
			);
			path = Extension;
			sourceTree = "<group>";
		};
		D75CEB802423798300B12FC1 /* PdfAnnotation */ = {
			isa = PBXGroup;
			children = (
				D75CEB7E2422E3CA00B12FC1 /* SignatureAnnotation.swift */,
				D75CEB812423799A00B12FC1 /* TextAnnotation.swift */,
				D75CEB832423962A00B12FC1 /* ChoiceAnnotation.swift */,
			);
			path = PdfAnnotation;
			sourceTree = "<group>";
		};
		D77AA3692424F80700326807 /* Controller */ = {
			isa = PBXGroup;
			children = (
				D74E1A8C2422310F00479DE3 /* OnboardingViewController.swift */,
				D74E1A9C2422388500479DE3 /* AttestationViewController.swift */,
				D74E1A9E242248E700479DE3 /* NewProfileViewController.swift */,
				D75CEB772422D18200B12FC1 /* PdfViewController.swift */,
				D720202F2423C45C00B9393B /* SettingViewController.swift */,
			);
			path = Controller;
			sourceTree = "<group>";
		};
		D77AA36A2424F82100326807 /* View */ = {
			isa = PBXGroup;
			children = (
				D75CEB75242295BC00B12FC1 /* SignatureView.swift */,
			);
			path = View;
			sourceTree = "<group>";
		};
/* End PBXGroup section */

/* Begin PBXNativeTarget section */
		D74E1A842422310F00479DE3 /* Attest */ = {
			isa = PBXNativeTarget;
			buildConfigurationList = D74E1A992422311200479DE3 /* Build configuration list for PBXNativeTarget "Attest" */;
			buildPhases = (
				D74E1A812422310F00479DE3 /* Sources */,
				D74E1A822422310F00479DE3 /* Frameworks */,
				D74E1A832422310F00479DE3 /* Resources */,
			);
			buildRules = (
			);
			dependencies = (
			);
			name = Attest;
			productName = "Attestation Déplacement";
			productReference = D74E1A852422310F00479DE3 /* Attest.app */;
			productType = "com.apple.product-type.application";
		};
/* End PBXNativeTarget section */

/* Begin PBXProject section */
		D74E1A7D2422310F00479DE3 /* Project object */ = {
			isa = PBXProject;
			attributes = {
				LastSwiftUpdateCheck = 1130;
				LastUpgradeCheck = 1130;
				ORGANIZATIONNAME = Dev;
				TargetAttributes = {
					D74E1A842422310F00479DE3 = {
						CreatedOnToolsVersion = 11.3.1;
					};
				};
			};
			buildConfigurationList = D74E1A802422310F00479DE3 /* Build configuration list for PBXProject "Attest" */;
			compatibilityVersion = "Xcode 9.3";
			developmentRegion = en;
			hasScannedForEncodings = 0;
			knownRegions = (
				en,
				Base,
			);
			mainGroup = D74E1A7C2422310F00479DE3;
			productRefGroup = D74E1A862422310F00479DE3 /* Products */;
			projectDirPath = "";
			projectRoot = "";
			targets = (
				D74E1A842422310F00479DE3 /* Attest */,
			);
		};
/* End PBXProject section */

/* Begin PBXResourcesBuildPhase section */
		D74E1A832422310F00479DE3 /* Resources */ = {
			isa = PBXResourcesBuildPhase;
			buildActionMask = 2147483647;
			files = (
				D74E1A952422311200479DE3 /* LaunchScreen.storyboard in Resources */,
				D74E1A922422311200479DE3 /* Assets.xcassets in Resources */,
				D74E1A902422310F00479DE3 /* Main.storyboard in Resources */,
				D74E1AAB242266AD00479DE3 /* attestation.pdf in Resources */,
				D74E1AAD24226A6A00479DE3 /* raisons.plist in Resources */,
			);
			runOnlyForDeploymentPostprocessing = 0;
		};
/* End PBXResourcesBuildPhase section */

/* Begin PBXSourcesBuildPhase section */
		D74E1A812422310F00479DE3 /* Sources */ = {
			isa = PBXSourcesBuildPhase;
			buildActionMask = 2147483647;
			files = (
				D74E1A9F242248E700479DE3 /* NewProfileViewController.swift in Sources */,
				D75CEB822423799A00B12FC1 /* TextAnnotation.swift in Sources */,
				D75CEB7F2422E3CA00B12FC1 /* SignatureAnnotation.swift in Sources */,
				D74E1AA62422548600479DE3 /* Storage.swift in Sources */,
				D74E1AA22422497200479DE3 /* Profile.swift in Sources */,
				D72020302423C45C00B9393B /* SettingViewController.swift in Sources */,
				D74E1AA924225A4300479DE3 /* UITextfield+InputView.swift in Sources */,
				D74E1A8D2422310F00479DE3 /* OnboardingViewController.swift in Sources */,
				D720202C2423AF4D00B9393B /* UIControl+closure.swift in Sources */,
				D74E1A892422310F00479DE3 /* AppDelegate.swift in Sources */,
				D75CEB782422D18200B12FC1 /* PdfViewController.swift in Sources */,
				D75CEB842423962A00B12FC1 /* ChoiceAnnotation.swift in Sources */,
				D74E1A9D2422388500479DE3 /* AttestationViewController.swift in Sources */,
				D75CEB76242295BC00B12FC1 /* SignatureView.swift in Sources */,
				D75CEB742422834B00B12FC1 /* UIView.swift in Sources */,
				D720202E2423B83D00B9393B /* Home.swift in Sources */,
				D74E1A8B2422310F00479DE3 /* SceneDelegate.swift in Sources */,
			);
			runOnlyForDeploymentPostprocessing = 0;
		};
/* End PBXSourcesBuildPhase section */

/* Begin PBXVariantGroup section */
		D74E1A8E2422310F00479DE3 /* Main.storyboard */ = {
			isa = PBXVariantGroup;
			children = (
				D74E1A8F2422310F00479DE3 /* Base */,
			);
			name = Main.storyboard;
			sourceTree = "<group>";
		};
		D74E1A932422311200479DE3 /* LaunchScreen.storyboard */ = {
			isa = PBXVariantGroup;
			children = (
				D74E1A942422311200479DE3 /* Base */,
			);
			name = LaunchScreen.storyboard;
			sourceTree = "<group>";
		};
/* End PBXVariantGroup section */

/* Begin XCBuildConfiguration section */
		D74E1A972422311200479DE3 /* Debug */ = {
			isa = XCBuildConfiguration;
			buildSettings = {
				ALWAYS_SEARCH_USER_PATHS = NO;
				CLANG_ANALYZER_NONNULL = YES;
				CLANG_ANALYZER_NUMBER_OBJECT_CONVERSION = YES_AGGRESSIVE;
				CLANG_CXX_LANGUAGE_STANDARD = "gnu++14";
				CLANG_CXX_LIBRARY = "libc++";
				CLANG_ENABLE_MODULES = YES;
				CLANG_ENABLE_OBJC_ARC = YES;
				CLANG_ENABLE_OBJC_WEAK = YES;
				CLANG_WARN_BLOCK_CAPTURE_AUTORELEASING = YES;
				CLANG_WARN_BOOL_CONVERSION = YES;
				CLANG_WARN_COMMA = YES;
				CLANG_WARN_CONSTANT_CONVERSION = YES;
				CLANG_WARN_DEPRECATED_OBJC_IMPLEMENTATIONS = YES;
				CLANG_WARN_DIRECT_OBJC_ISA_USAGE = YES_ERROR;
				CLANG_WARN_DOCUMENTATION_COMMENTS = YES;
				CLANG_WARN_EMPTY_BODY = YES;
				CLANG_WARN_ENUM_CONVERSION = YES;
				CLANG_WARN_INFINITE_RECURSION = YES;
				CLANG_WARN_INT_CONVERSION = YES;
				CLANG_WARN_NON_LITERAL_NULL_CONVERSION = YES;
				CLANG_WARN_OBJC_IMPLICIT_RETAIN_SELF = YES;
				CLANG_WARN_OBJC_LITERAL_CONVERSION = YES;
				CLANG_WARN_OBJC_ROOT_CLASS = YES_ERROR;
				CLANG_WARN_RANGE_LOOP_ANALYSIS = YES;
				CLANG_WARN_STRICT_PROTOTYPES = YES;
				CLANG_WARN_SUSPICIOUS_MOVE = YES;
				CLANG_WARN_UNGUARDED_AVAILABILITY = YES_AGGRESSIVE;
				CLANG_WARN_UNREACHABLE_CODE = YES;
				CLANG_WARN__DUPLICATE_METHOD_MATCH = YES;
				COPY_PHASE_STRIP = NO;
				DEBUG_INFORMATION_FORMAT = dwarf;
				ENABLE_STRICT_OBJC_MSGSEND = YES;
				ENABLE_TESTABILITY = YES;
				GCC_C_LANGUAGE_STANDARD = gnu11;
				GCC_DYNAMIC_NO_PIC = NO;
				GCC_NO_COMMON_BLOCKS = YES;
				GCC_OPTIMIZATION_LEVEL = 0;
				GCC_PREPROCESSOR_DEFINITIONS = (
					"DEBUG=1",
					"$(inherited)",
				);
				GCC_WARN_64_TO_32_BIT_CONVERSION = YES;
				GCC_WARN_ABOUT_RETURN_TYPE = YES_ERROR;
				GCC_WARN_UNDECLARED_SELECTOR = YES;
				GCC_WARN_UNINITIALIZED_AUTOS = YES_AGGRESSIVE;
				GCC_WARN_UNUSED_FUNCTION = YES;
				GCC_WARN_UNUSED_VARIABLE = YES;
				IPHONEOS_DEPLOYMENT_TARGET = 11.0;
				MTL_ENABLE_DEBUG_INFO = INCLUDE_SOURCE;
				MTL_FAST_MATH = YES;
				ONLY_ACTIVE_ARCH = YES;
				SDKROOT = iphoneos;
				SWIFT_ACTIVE_COMPILATION_CONDITIONS = DEBUG;
				SWIFT_OPTIMIZATION_LEVEL = "-Onone";
			};
			name = Debug;
		};
		D74E1A982422311200479DE3 /* Release */ = {
			isa = XCBuildConfiguration;
			buildSettings = {
				ALWAYS_SEARCH_USER_PATHS = NO;
				CLANG_ANALYZER_NONNULL = YES;
				CLANG_ANALYZER_NUMBER_OBJECT_CONVERSION = YES_AGGRESSIVE;
				CLANG_CXX_LANGUAGE_STANDARD = "gnu++14";
				CLANG_CXX_LIBRARY = "libc++";
				CLANG_ENABLE_MODULES = YES;
				CLANG_ENABLE_OBJC_ARC = YES;
				CLANG_ENABLE_OBJC_WEAK = YES;
				CLANG_WARN_BLOCK_CAPTURE_AUTORELEASING = YES;
				CLANG_WARN_BOOL_CONVERSION = YES;
				CLANG_WARN_COMMA = YES;
				CLANG_WARN_CONSTANT_CONVERSION = YES;
				CLANG_WARN_DEPRECATED_OBJC_IMPLEMENTATIONS = YES;
				CLANG_WARN_DIRECT_OBJC_ISA_USAGE = YES_ERROR;
				CLANG_WARN_DOCUMENTATION_COMMENTS = YES;
				CLANG_WARN_EMPTY_BODY = YES;
				CLANG_WARN_ENUM_CONVERSION = YES;
				CLANG_WARN_INFINITE_RECURSION = YES;
				CLANG_WARN_INT_CONVERSION = YES;
				CLANG_WARN_NON_LITERAL_NULL_CONVERSION = YES;
				CLANG_WARN_OBJC_IMPLICIT_RETAIN_SELF = YES;
				CLANG_WARN_OBJC_LITERAL_CONVERSION = YES;
				CLANG_WARN_OBJC_ROOT_CLASS = YES_ERROR;
				CLANG_WARN_RANGE_LOOP_ANALYSIS = YES;
				CLANG_WARN_STRICT_PROTOTYPES = YES;
				CLANG_WARN_SUSPICIOUS_MOVE = YES;
				CLANG_WARN_UNGUARDED_AVAILABILITY = YES_AGGRESSIVE;
				CLANG_WARN_UNREACHABLE_CODE = YES;
				CLANG_WARN__DUPLICATE_METHOD_MATCH = YES;
				COPY_PHASE_STRIP = NO;
				DEBUG_INFORMATION_FORMAT = "dwarf-with-dsym";
				ENABLE_NS_ASSERTIONS = NO;
				ENABLE_STRICT_OBJC_MSGSEND = YES;
				GCC_C_LANGUAGE_STANDARD = gnu11;
				GCC_NO_COMMON_BLOCKS = YES;
				GCC_WARN_64_TO_32_BIT_CONVERSION = YES;
				GCC_WARN_ABOUT_RETURN_TYPE = YES_ERROR;
				GCC_WARN_UNDECLARED_SELECTOR = YES;
				GCC_WARN_UNINITIALIZED_AUTOS = YES_AGGRESSIVE;
				GCC_WARN_UNUSED_FUNCTION = YES;
				GCC_WARN_UNUSED_VARIABLE = YES;
				IPHONEOS_DEPLOYMENT_TARGET = 11.0;
				MTL_ENABLE_DEBUG_INFO = NO;
				MTL_FAST_MATH = YES;
				SDKROOT = iphoneos;
				SWIFT_COMPILATION_MODE = wholemodule;
				SWIFT_OPTIMIZATION_LEVEL = "-O";
				VALIDATE_PRODUCT = YES;
			};
			name = Release;
		};
		D74E1A9A2422311200479DE3 /* Debug */ = {
			isa = XCBuildConfiguration;
			buildSettings = {
				ASSETCATALOG_COMPILER_APPICON_NAME = AppIcon;
				CODE_SIGN_STYLE = Automatic;
				CURRENT_PROJECT_VERSION = 2;
				DEVELOPMENT_TEAM = 5WAU5B497M;
				INFOPLIST_FILE = Attest/Info.plist;
				IPHONEOS_DEPLOYMENT_TARGET = 11.0;
				LD_RUNPATH_SEARCH_PATHS = (
					"$(inherited)",
					"@executable_path/Frameworks",
				);
				PRODUCT_BUNDLE_IDENTIFIER = Cynaptic.Attest;
				PRODUCT_NAME = Attest;
				SWIFT_VERSION = 5.0;
				TARGETED_DEVICE_FAMILY = "1,2";
			};
			name = Debug;
		};
		D74E1A9B2422311200479DE3 /* Release */ = {
			isa = XCBuildConfiguration;
			buildSettings = {
				ASSETCATALOG_COMPILER_APPICON_NAME = AppIcon;
				CODE_SIGN_STYLE = Automatic;
				CURRENT_PROJECT_VERSION = 2;
				DEVELOPMENT_TEAM = 5WAU5B497M;
				INFOPLIST_FILE = Attest/Info.plist;
				IPHONEOS_DEPLOYMENT_TARGET = 11.0;
				LD_RUNPATH_SEARCH_PATHS = (
					"$(inherited)",
					"@executable_path/Frameworks",
				);
				PRODUCT_BUNDLE_IDENTIFIER = Cynaptic.Attest;
				PRODUCT_NAME = Attest;
				SWIFT_VERSION = 5.0;
				TARGETED_DEVICE_FAMILY = "1,2";
			};
			name = Release;
		};
/* End XCBuildConfiguration section */

/* Begin XCConfigurationList section */
		D74E1A802422310F00479DE3 /* Build configuration list for PBXProject "Attest" */ = {
			isa = XCConfigurationList;
			buildConfigurations = (
				D74E1A972422311200479DE3 /* Debug */,
				D74E1A982422311200479DE3 /* Release */,
			);
			defaultConfigurationIsVisible = 0;
			defaultConfigurationName = Release;
		};
		D74E1A992422311200479DE3 /* Build configuration list for PBXNativeTarget "Attest" */ = {
			isa = XCConfigurationList;
			buildConfigurations = (
				D74E1A9A2422311200479DE3 /* Debug */,
				D74E1A9B2422311200479DE3 /* Release */,
			);
			defaultConfigurationIsVisible = 0;
			defaultConfigurationName = Release;
		};
/* End XCConfigurationList section */
	};
	rootObject = D74E1A7D2422310F00479DE3 /* Project object */;
}
