// !$*UTF8*$!
{
	archiveVersion = 1;
	classes = {
	};
	objectVersion = 50;
	objects = {

/* Begin PBXBuildFile section */
		D74E1A892422310F00479DE3 /* AppDelegate.swift in Sources */ = {isa = PBXBuildFile; fileRef = D74E1A882422310F00479DE3 /* AppDelegate.swift */; };
		D74E1A8B2422310F00479DE3 /* SceneDelegate.swift in Sources */ = {isa = PBXBuildFile; fileRef = D74E1A8A2422310F00479DE3 /* SceneDelegate.swift */; };
		D74E1A8D2422310F00479DE3 /* IntroductionViewController.swift in Sources */ = {isa = PBXBuildFile; fileRef = D74E1A8C2422310F00479DE3 /* IntroductionViewController.swift */; };
		D74E1A902422310F00479DE3 /* Main.storyboard in Resources */ = {isa = PBXBuildFile; fileRef = D74E1A8E2422310F00479DE3 /* Main.storyboard */; };
		D74E1A922422311200479DE3 /* Assets.xcassets in Resources */ = {isa = PBXBuildFile; fileRef = D74E1A912422311200479DE3 /* Assets.xcassets */; };
		D74E1A952422311200479DE3 /* LaunchScreen.storyboard in Resources */ = {isa = PBXBuildFile; fileRef = D74E1A932422311200479DE3 /* LaunchScreen.storyboard */; };
		D74E1A9D2422388500479DE3 /* AttestationViewController.swift in Sources */ = {isa = PBXBuildFile; fileRef = D74E1A9C2422388500479DE3 /* AttestationViewController.swift */; };
/* End PBXBuildFile section */

/* Begin PBXFileReference section */
		D74E1A852422310F00479DE3 /* Attest.app */ = {isa = PBXFileReference; explicitFileType = wrapper.application; includeInIndex = 0; path = Attest.app; sourceTree = BUILT_PRODUCTS_DIR; };
		D74E1A882422310F00479DE3 /* AppDelegate.swift */ = {isa = PBXFileReference; lastKnownFileType = sourcecode.swift; path = AppDelegate.swift; sourceTree = "<group>"; };
		D74E1A8A2422310F00479DE3 /* SceneDelegate.swift */ = {isa = PBXFileReference; lastKnownFileType = sourcecode.swift; path = SceneDelegate.swift; sourceTree = "<group>"; };
		D74E1A8C2422310F00479DE3 /* IntroductionViewController.swift */ = {isa = PBXFileReference; lastKnownFileType = sourcecode.swift; path = IntroductionViewController.swift; sourceTree = "<group>"; };
		D74E1A8F2422310F00479DE3 /* Base */ = {isa = PBXFileReference; lastKnownFileType = file.storyboard; name = Base; path = Base.lproj/Main.storyboard; sourceTree = "<group>"; };
		D74E1A912422311200479DE3 /* Assets.xcassets */ = {isa = PBXFileReference; lastKnownFileType = folder.assetcatalog; path = Assets.xcassets; sourceTree = "<group>"; };
		D74E1A942422311200479DE3 /* Base */ = {isa = PBXFileReference; lastKnownFileType = file.storyboard; name = Base; path = Base.lproj/LaunchScreen.storyboard; sourceTree = "<group>"; };
		D74E1A962422311200479DE3 /* Info.plist */ = {isa = PBXFileReference; lastKnownFileType = text.plist.xml; path = Info.plist; sourceTree = "<group>"; };
		D74E1A9C2422388500479DE3 /* AttestationViewController.swift */ = {isa = PBXFileReference; lastKnownFileType = sourcecode.swift; path = AttestationViewController.swift; sourceTree = "<group>"; };
/* End PBXFileReference section */

/* Begin PBXFrameworksBuildPhase section */
		D74E1A822422310F00479DE3 /* Frameworks */ = {
			isa = PBXFrameworksBuildPhase;
			buildActionMask = 2147483647;
			files = (
			);
			runOnlyForDeploymentPostprocessing = 0;
		};
/* End PBXFrameworksBuildPhase section */

/* Begin PBXGroup section */
		D74E1A7C2422310F00479DE3 = {
			isa = PBXGroup;
			children = (
				D74E1A872422310F00479DE3 /* Attest */,
				D74E1A862422310F00479DE3 /* Products */,
			);
			sourceTree = "<group>";
		};
		D74E1A862422310F00479DE3 /* Products */ = {
			isa = PBXGroup;
			children = (
				D74E1A852422310F00479DE3 /* Attest.app */,
			);
			name = Products;
			sourceTree = "<group>";
		};
		D74E1A872422310F00479DE3 /* Attest */ = {
			isa = PBXGroup;
			children = (
				D74E1A882422310F00479DE3 /* AppDelegate.swift */,
				D74E1A8A2422310F00479DE3 /* SceneDelegate.swift */,
				D74E1A8C2422310F00479DE3 /* IntroductionViewController.swift */,
				D74E1A9C2422388500479DE3 /* AttestationViewController.swift */,
				D74E1A8E2422310F00479DE3 /* Main.storyboard */,
				D74E1A912422311200479DE3 /* Assets.xcassets */,
				D74E1A932422311200479DE3 /* LaunchScreen.storyboard */,
				D74E1A962422311200479DE3 /* Info.plist */,
			);
			path = Attest;
			sourceTree = "<group>";
		};
/* End PBXGroup section */

/* Begin PBXNativeTarget section */
		D74E1A842422310F00479DE3 /* Attest */ = {
			isa = PBXNativeTarget;
			buildConfigurationList = D74E1A992422311200479DE3 /* Build configuration list for PBXNativeTarget "Attest" */;
			buildPhases = (
				D74E1A812422310F00479DE3 /* Sources */,
				D74E1A822422310F00479DE3 /* Frameworks */,
				D74E1A832422310F00479DE3 /* Resources */,
			);
			buildRules = (
			);
			dependencies = (
			);
			name = Attest;
			productName = "Attestation Déplacement";
			productReference = D74E1A852422310F00479DE3 /* Attest.app */;
			productType = "com.apple.product-type.application";
		};
/* End PBXNativeTarget section */

/* Begin PBXProject section */
		D74E1A7D2422310F00479DE3 /* Project object */ = {
			isa = PBXProject;
			attributes = {
				LastSwiftUpdateCheck = 1130;
				LastUpgradeCheck = 1130;
				ORGANIZATIONNAME = Dev;
				TargetAttributes = {
					D74E1A842422310F00479DE3 = {
						CreatedOnToolsVersion = 11.3.1;
					};
				};
			};
			buildConfigurationList = D74E1A802422310F00479DE3 /* Build configuration list for PBXProject "Attest" */;
			compatibilityVersion = "Xcode 9.3";
			developmentRegion = en;
			hasScannedForEncodings = 0;
			knownRegions = (
				en,
				Base,
			);
			mainGroup = D74E1A7C2422310F00479DE3;
			productRefGroup = D74E1A862422310F00479DE3 /* Products */;
			projectDirPath = "";
			projectRoot = "";
			targets = (
				D74E1A842422310F00479DE3 /* Attest */,
			);
		};
/* End PBXProject section */

/* Begin PBXResourcesBuildPhase section */
		D74E1A832422310F00479DE3 /* Resources */ = {
			isa = PBXResourcesBuildPhase;
			buildActionMask = 2147483647;
			files = (
				D74E1A952422311200479DE3 /* LaunchScreen.storyboard in Resources */,
				D74E1A922422311200479DE3 /* Assets.xcassets in Resources */,
				D74E1A902422310F00479DE3 /* Main.storyboard in Resources */,
			);
			runOnlyForDeploymentPostprocessing = 0;
		};
/* End PBXResourcesBuildPhase section */

/* Begin PBXSourcesBuildPhase section */
		D74E1A812422310F00479DE3 /* Sources */ = {
			isa = PBXSourcesBuildPhase;
			buildActionMask = 2147483647;
			files = (
				D74E1A8D2422310F00479DE3 /* IntroductionViewController.swift in Sources */,
				D74E1A892422310F00479DE3 /* AppDelegate.swift in Sources */,
				D74E1A9D2422388500479DE3 /* AttestationViewController.swift in Sources */,
				D74E1A8B2422310F00479DE3 /* SceneDelegate.swift in Sources */,
			);
			runOnlyForDeploymentPostprocessing = 0;
		};
/* End PBXSourcesBuildPhase section */

/* Begin PBXVariantGroup section */
		D74E1A8E2422310F00479DE3 /* Main.storyboard */ = {
			isa = PBXVariantGroup;
			children = (
				D74E1A8F2422310F00479DE3 /* Base */,
			);
			name = Main.storyboard;
			sourceTree = "<group>";
		};
		D74E1A932422311200479DE3 /* LaunchScreen.storyboard */ = {
			isa = PBXVariantGroup;
			children = (
				D74E1A942422311200479DE3 /* Base */,
			);
			name = LaunchScreen.storyboard;
			sourceTree = "<group>";
		};
/* End PBXVariantGroup section */

/* Begin XCBuildConfiguration section */
		D74E1A972422311200479DE3 /* Debug */ = {
			isa = XCBuildConfiguration;
			buildSettings = {
				ALWAYS_SEARCH_USER_PATHS = NO;
				CLANG_ANALYZER_NONNULL = YES;
				CLANG_ANALYZER_NUMBER_OBJECT_CONVERSION = YES_AGGRESSIVE;
				CLANG_CXX_LANGUAGE_STANDARD = "gnu++14";
				CLANG_CXX_LIBRARY = "libc++";
				CLANG_ENABLE_MODULES = YES;
				CLANG_ENABLE_OBJC_ARC = YES;
				CLANG_ENABLE_OBJC_WEAK = YES;
				CLANG_WARN_BLOCK_CAPTURE_AUTORELEASING = YES;
				CLANG_WARN_BOOL_CONVERSION = YES;
				CLANG_WARN_COMMA = YES;
				CLANG_WARN_CONSTANT_CONVERSION = YES;
				CLANG_WARN_DEPRECATED_OBJC_IMPLEMENTATIONS = YES;
				CLANG_WARN_DIRECT_OBJC_ISA_USAGE = YES_ERROR;
				CLANG_WARN_DOCUMENTATION_COMMENTS = YES;
				CLANG_WARN_EMPTY_BODY = YES;
				CLANG_WARN_ENUM_CONVERSION = YES;
				CLANG_WARN_INFINITE_RECURSION = YES;
				CLANG_WARN_INT_CONVERSION = YES;
				CLANG_WARN_NON_LITERAL_NULL_CONVERSION = YES;
				CLANG_WARN_OBJC_IMPLICIT_RETAIN_SELF = YES;
				CLANG_WARN_OBJC_LITERAL_CONVERSION = YES;
				CLANG_WARN_OBJC_ROOT_CLASS = YES_ERROR;
				CLANG_WARN_RANGE_LOOP_ANALYSIS = YES;
				CLANG_WARN_STRICT_PROTOTYPES = YES;
				CLANG_WARN_SUSPICIOUS_MOVE = YES;
				CLANG_WARN_UNGUARDED_AVAILABILITY = YES_AGGRESSIVE;
				CLANG_WARN_UNREACHABLE_CODE = YES;
				CLANG_WARN__DUPLICATE_METHOD_MATCH = YES;
				COPY_PHASE_STRIP = NO;
				DEBUG_INFORMATION_FORMAT = dwarf;
				ENABLE_STRICT_OBJC_MSGSEND = YES;
				ENABLE_TESTABILITY = YES;
				GCC_C_LANGUAGE_STANDARD = gnu11;
				GCC_DYNAMIC_NO_PIC = NO;
				GCC_NO_COMMON_BLOCKS = YES;
				GCC_OPTIMIZATION_LEVEL = 0;
				GCC_PREPROCESSOR_DEFINITIONS = (
					"DEBUG=1",
					"$(inherited)",
				);
				GCC_WARN_64_TO_32_BIT_CONVERSION = YES;
				GCC_WARN_ABOUT_RETURN_TYPE = YES_ERROR;
				GCC_WARN_UNDECLARED_SELECTOR = YES;
				GCC_WARN_UNINITIALIZED_AUTOS = YES_AGGRESSIVE;
				GCC_WARN_UNUSED_FUNCTION = YES;
				GCC_WARN_UNUSED_VARIABLE = YES;
				IPHONEOS_DEPLOYMENT_TARGET = 13.2;
				MTL_ENABLE_DEBUG_INFO = INCLUDE_SOURCE;
				MTL_FAST_MATH = YES;
				ONLY_ACTIVE_ARCH = YES;
				SDKROOT = iphoneos;
				SWIFT_ACTIVE_COMPILATION_CONDITIONS = DEBUG;
				SWIFT_OPTIMIZATION_LEVEL = "-Onone";
			};
			name = Debug;
		};
		D74E1A982422311200479DE3 /* Release */ = {
			isa = XCBuildConfiguration;
			buildSettings = {
				ALWAYS_SEARCH_USER_PATHS = NO;
				CLANG_ANALYZER_NONNULL = YES;
				CLANG_ANALYZER_NUMBER_OBJECT_CONVERSION = YES_AGGRESSIVE;
				CLANG_CXX_LANGUAGE_STANDARD = "gnu++14";
				CLANG_CXX_LIBRARY = "libc++";
				CLANG_ENABLE_MODULES = YES;
				CLANG_ENABLE_OBJC_ARC = YES;
				CLANG_ENABLE_OBJC_WEAK = YES;
				CLANG_WARN_BLOCK_CAPTURE_AUTORELEASING = YES;
				CLANG_WARN_BOOL_CONVERSION = YES;
				CLANG_WARN_COMMA = YES;
				CLANG_WARN_CONSTANT_CONVERSION = YES;
				CLANG_WARN_DEPRECATED_OBJC_IMPLEMENTATIONS = YES;
				CLANG_WARN_DIRECT_OBJC_ISA_USAGE = YES_ERROR;
				CLANG_WARN_DOCUMENTATION_COMMENTS = YES;
				CLANG_WARN_EMPTY_BODY = YES;
				CLANG_WARN_ENUM_CONVERSION = YES;
				CLANG_WARN_INFINITE_RECURSION = YES;
				CLANG_WARN_INT_CONVERSION = YES;
				CLANG_WARN_NON_LITERAL_NULL_CONVERSION = YES;
				CLANG_WARN_OBJC_IMPLICIT_RETAIN_SELF = YES;
				CLANG_WARN_OBJC_LITERAL_CONVERSION = YES;
				CLANG_WARN_OBJC_ROOT_CLASS = YES_ERROR;
				CLANG_WARN_RANGE_LOOP_ANALYSIS = YES;
				CLANG_WARN_STRICT_PROTOTYPES = YES;
				CLANG_WARN_SUSPICIOUS_MOVE = YES;
				CLANG_WARN_UNGUARDED_AVAILABILITY = YES_AGGRESSIVE;
				CLANG_WARN_UNREACHABLE_CODE = YES;
				CLANG_WARN__DUPLICATE_METHOD_MATCH = YES;
				COPY_PHASE_STRIP = NO;
				DEBUG_INFORMATION_FORMAT = "dwarf-with-dsym";
				ENABLE_NS_ASSERTIONS = NO;
				ENABLE_STRICT_OBJC_MSGSEND = YES;
				GCC_C_LANGUAGE_STANDARD = gnu11;
				GCC_NO_COMMON_BLOCKS = YES;
				GCC_WARN_64_TO_32_BIT_CONVERSION = YES;
				GCC_WARN_ABOUT_RETURN_TYPE = YES_ERROR;
				GCC_WARN_UNDECLARED_SELECTOR = YES;
				GCC_WARN_UNINITIALIZED_AUTOS = YES_AGGRESSIVE;
				GCC_WARN_UNUSED_FUNCTION = YES;
				GCC_WARN_UNUSED_VARIABLE = YES;
				IPHONEOS_DEPLOYMENT_TARGET = 13.2;
				MTL_ENABLE_DEBUG_INFO = NO;
				MTL_FAST_MATH = YES;
				SDKROOT = iphoneos;
				SWIFT_COMPILATION_MODE = wholemodule;
				SWIFT_OPTIMIZATION_LEVEL = "-O";
				VALIDATE_PRODUCT = YES;
			};
			name = Release;
		};
		D74E1A9A2422311200479DE3 /* Debug */ = {
			isa = XCBuildConfiguration;
			buildSettings = {
				ASSETCATALOG_COMPILER_APPICON_NAME = AppIcon;
				CODE_SIGN_STYLE = Automatic;
				DEVELOPMENT_TEAM = 5WAU5B497M;
				INFOPLIST_FILE = "Attestation Déplacement/Info.plist";
				LD_RUNPATH_SEARCH_PATHS = (
					"$(inherited)",
					"@executable_path/Frameworks",
				);
				PRODUCT_BUNDLE_IDENTIFIER = "Cynaptic.Attestation-De-placement";
				PRODUCT_NAME = Attest;
				SWIFT_VERSION = 5.0;
				TARGETED_DEVICE_FAMILY = "1,2";
			};
			name = Debug;
		};
		D74E1A9B2422311200479DE3 /* Release */ = {
			isa = XCBuildConfiguration;
			buildSettings = {
				ASSETCATALOG_COMPILER_APPICON_NAME = AppIcon;
				CODE_SIGN_STYLE = Automatic;
				DEVELOPMENT_TEAM = 5WAU5B497M;
				INFOPLIST_FILE = "Attestation Déplacement/Info.plist";
				LD_RUNPATH_SEARCH_PATHS = (
					"$(inherited)",
					"@executable_path/Frameworks",
				);
				PRODUCT_BUNDLE_IDENTIFIER = "Cynaptic.Attestation-De-placement";
				PRODUCT_NAME = Attest;
				SWIFT_VERSION = 5.0;
				TARGETED_DEVICE_FAMILY = "1,2";
			};
			name = Release;
		};
/* End XCBuildConfiguration section */

/* Begin XCConfigurationList section */
		D74E1A802422310F00479DE3 /* Build configuration list for PBXProject "Attest" */ = {
			isa = XCConfigurationList;
			buildConfigurations = (
				D74E1A972422311200479DE3 /* Debug */,
				D74E1A982422311200479DE3 /* Release */,
			);
			defaultConfigurationIsVisible = 0;
			defaultConfigurationName = Release;
		};
		D74E1A992422311200479DE3 /* Build configuration list for PBXNativeTarget "Attest" */ = {
			isa = XCConfigurationList;
			buildConfigurations = (
				D74E1A9A2422311200479DE3 /* Debug */,
				D74E1A9B2422311200479DE3 /* Release */,
			);
			defaultConfigurationIsVisible = 0;
			defaultConfigurationName = Release;
		};
/* End XCConfigurationList section */
	};
	rootObject = D74E1A7D2422310F00479DE3 /* Project object */;
}
